
Microsoft Visual Studio Solution File, Format Version 12.00
# Visual Studio 2015
Project("{FAE04EC0-301F-11D3-BF4B-00C04F79EFBC}") = "GladiatorGame", "GladiatorGame.csproj", "{34D25764-F0B6-51BB-13F6-B731C2B5F606}"
EndProject
Global
	GlobalSection(SolutionConfigurationPlatforms) = preSolution
		Debug|Any CPU = Debug|Any CPU
		Release|Any CPU = Release|Any CPU
	EndGlobalSection
	GlobalSection(ProjectConfigurationPlatforms) = postSolution
		{34D25764-F0B6-51BB-13F6-B731C2B5F606}.Debug|Any CPU.ActiveCfg = Debug|Any CPU
		{34D25764-F0B6-51BB-13F6-B731C2B5F606}.Debug|Any CPU.Build.0 = Debug|Any CPU
		{34D25764-F0B6-51BB-13F6-B731C2B5F606}.Release|Any CPU.ActiveCfg = Release|Any CPU
		{34D25764-F0B6-51BB-13F6-B731C2B5F606}.Release|Any CPU.Build.0 = Release|Any CPU
	EndGlobalSection
	GlobalSection(SolutionProperties) = preSolution
		HideSolutionNode = FALSE
	EndGlobalSection
EndGlobal
